<?xml version="1.0" encoding="utf-8"?>
<Project ToolsVersion="4.0" xmlns="http://schemas.microsoft.com/developer/msbuild/2003">
  <ItemGroup>
    <Filter Include="Source Files">
      <UniqueIdentifier>{4FC737F1-C7A5-4376-A066-2A32D752A2FF}</UniqueIdentifier>
      <Extensions>cpp;c;cc;cxx;def;odl;idl;hpj;bat;asm;asmx</Extensions>
    </Filter>
    <Filter Include="Header Files">
      <UniqueIdentifier>{93995380-89BD-4b04-88EB-625FBE52EBFB}</UniqueIdentifier>
      <Extensions>h;hh;hpp;hxx;hm;inl;inc;xsd</Extensions>
    </Filter>
    <Filter Include="Resource Files">
      <UniqueIdentifier>{67DA6AB6-F800-4c08-8B7A-83BB121AAD01}</UniqueIdentifier>
      <Extensions>rc;ico;cur;bmp;dlg;rc2;rct;bin;rgs;gif;jpg;jpeg;jpe;resx;tiff;tif;png;wav;mfcribbon-ms</Extensions>
    </Filter>
    <Filter Include="Header Files\gpu">
      <UniqueIdentifier>{08d9d61b-6031-48e7-9e9e-4edb60d280e0}</UniqueIdentifier>
    </Filter>
    <Filter Include="Header Files\cpu">
      <UniqueIdentifier>{291da2ec-3fb4-45c2-bf74-37fe36aec6c1}</UniqueIdentifier>
    </Filter>
    <Filter Include="Source Files\cpu">
      <UniqueIdentifier>{3ad8e0a7-82f7-4f87-8a22-46d28d066d0b}</UniqueIdentifier>
    </Filter>
    <Filter Include="Source Files\gpu">
      <UniqueIdentifier>{a9411c66-675a-402e-9ba6-8616252df3ca}</UniqueIdentifier>
    </Filter>
  </ItemGroup>
  <ItemGroup>
    <ClCompile Include="src\main.cpp">
      <Filter>Source Files\cpu</Filter>
    </ClCompile>
    <ClCompile Include="src\material.cpp">
      <Filter>Source Files\cpu</Filter>
    </ClCompile>
    <ClCompile Include="src\pt_renderer.cpp">
      <Filter>Source Files\cpu</Filter>
    </ClCompile>
    <ClCompile Include="src\quadric.cpp">
      <Filter>Source Files\cpu</Filter>
    </ClCompile>
    <ClCompile Include="src\triangular_object.cpp">
      <Filter>Source Files\cpu</Filter>
    </ClCompile>
    <ClCompile Include="src\obj_reader.cpp">
      <Filter>Source Files</Filter>
    </ClCompile>
    <ClCompile Include="src\pnm_writer.cpp">
      <Filter>Source Files</Filter>
    </ClCompile>
    <ClCompile Include="src\sdl_reader.cpp">
      <Filter>Source Files</Filter>
    </ClCompile>
  </ItemGroup>
  <ItemGroup>
    <ClInclude Include="include\camera.h">
      <Filter>Header Files\cpu</Filter>
    </ClInclude>
    <ClInclude Include="include\light.h">
      <Filter>Header Files\cpu</Filter>
    </ClInclude>
    <ClInclude Include="include\material.h">
      <Filter>Header Files\cpu</Filter>
    </ClInclude>
    <ClInclude Include="include\pt_renderer.h">
      <Filter>Header Files\cpu</Filter>
    </ClInclude>
    <ClInclude Include="include\quadric.h">
      <Filter>Header Files\cpu</Filter>
    </ClInclude>
    <ClInclude Include="include\ray.h">
      <Filter>Header Files\cpu</Filter>
    </ClInclude>
    <ClInclude Include="include\renderable_object.h">
      <Filter>Header Files\cpu</Filter>
    </ClInclude>
    <ClInclude Include="include\sdl_object.h">
      <Filter>Header Files\cpu</Filter>
    </ClInclude>
    <ClInclude Include="include\triangular_object.h">
      <Filter>Header Files\cpu</Filter>
    </ClInclude>
    <ClInclude Include="include\util_exception.h">
      <Filter>Header Files\cpu</Filter>
    </ClInclude>
    <ClInclude Include="include\gpu_path_tracer.h">
      <Filter>Header Files\gpu</Filter>
    </ClInclude>
    <ClInclude Include="include\gpu_matrix.h">
      <Filter>Header Files\gpu</Filter>
    </ClInclude>
    <ClInclude Include="include\gpu_camera.h">
      <Filter>Header Files\gpu</Filter>
    </ClInclude>
    <ClInclude Include="include\gpu_light.h">
      <Filter>Header Files\gpu</Filter>
    </ClInclude>
    <ClInclude Include="include\gpu_material.h">
      <Filter>Header Files\gpu</Filter>
    </ClInclude>
    <ClInclude Include="include\math_lib.h">
      <Filter>Header Files\cpu</Filter>
    </ClInclude>
    <ClInclude Include="include\quadric_coefficients.h">
      <Filter>Header Files</Filter>
    </ClInclude>
    <ClInclude Include="include\gpu_quadric.h">
      <Filter>Header Files\gpu</Filter>
    </ClInclude>
    <ClInclude Include="include\gpu_ray.h">
      <Filter>Header Files\gpu</Filter>
    </ClInclude>
    <ClInclude Include="include\gpu_renderable_object.h">
      <Filter>Header Files\gpu</Filter>
    </ClInclude>
    <ClInclude Include="include\obj_reader.h">
      <Filter>Header Files</Filter>
    </ClInclude>
    <ClInclude Include="include\pnm_writer.h">
      <Filter>Header Files</Filter>
    </ClInclude>
    <ClInclude Include="include\sdl_reader.h">
      <Filter>Header Files</Filter>
    </ClInclude>
    <ClInclude Include="include\gpu_triangular_object.h">
      <Filter>Header Files\gpu</Filter>
    </ClInclude>
  </ItemGroup>
  <ItemGroup>
    <CudaCompile Include="src\gpu_quadric.cu">
      <Filter>Source Files\gpu</Filter>
    </CudaCompile>
  </ItemGroup>
</Project>